lockfileVersion: "9.0"

settings:
    autoInstallPeers: true
    excludeLinksFromLockfile: false

importers:
    .:
        dependencies:
            "@types/ws":
                specifier: ^8.5.12
                version: 8.5.12
            ws:
                specifier: ^8.18.0
                version: 8.18.0

packages:
    "@types/node@22.7.5":
        resolution:
            {
                integrity: sha512-jML7s2NAzMWc//QSJ1a3prpk78cOPchGvXJsC3C6R6PSMoooztvRVQEz89gmBTBY1SPMaqo5teB4uNHPdetShQ==
            }

    "@types/ws@8.5.12":
        resolution:
            {
                integrity: sha512-3tPRkv1EtkDpzlgyKyI8pGsGZAGPEaXeu0DOj5DI25Ja91bdAYddYHbADRYVrZMRbfW+1l5YwXVDKohDJNQxkQ==
            }

    undici-types@6.19.8:
        resolution:
            {
                integrity: sha512-ve2KP6f/JnbPBFyobGHuerC9g1FYGn/F8n1LWTwNxCEzd6IfqTwUQcNXgEtmmQ6DlRrC1hrSrBnCZPokRrDHjw==
            }

    ws@8.18.0:
        resolution:
            {
                integrity: sha512-8VbfWfHLbbwu3+N6OKsOMpBdT4kXPDDB9cJk2bJ6mh9ucxdlnNvH1e+roYkKmN9Nxw2yjz7VzeO9oOz2zJ04Pw==
            }
        engines: { node: ">=10.0.0" }
        peerDependencies:
            bufferutil: ^4.0.1
            utf-8-validate: ">=5.0.2"
        peerDependenciesMeta:
            bufferutil:
                optional: true
            utf-8-validate:
                optional: true

snapshots:
    "@types/node@22.7.5":
        dependencies:
            undici-types: 6.19.8

    "@types/ws@8.5.12":
        dependencies:
            "@types/node": 22.7.5

    undici-types@6.19.8: {}

    ws@8.18.0: {}
